
Microsoft Visual Studio Solution File, Format Version 12.00
# Visual Studio Version 17
VisualStudioVersion = 17.0.31611.283
MinimumVisualStudioVersion = 10.0.40219.1
Project("{9A19103F-16F7-4668-BE54-9A1E7A4F7556}") = "PnsApp.Maui", "PnsApp.Maui\PnsApp.Maui.csproj", "{CCDA3783-E5B9-4A4E-88A0-9DECFD4D7404}"
EndProject
Project("{FAE04EC0-301F-11D3-BF4B-00C04F79EFBC}") = "PnsApp.Ef", "PnsApp.Ef\PnsApp.Ef.csproj", "{AA2D2EB0-1AEA-412C-AD5B-7048D837BF15}"
EndProject
Global
	GlobalSection(SolutionConfigurationPlatforms) = preSolution
		Debug|Any CPU = Debug|Any CPU
		Release|Any CPU = Release|Any CPU
	EndGlobalSection
	GlobalSection(ProjectConfigurationPlatforms) = postSolution
		{CCDA3783-E5B9-4A4E-88A0-9DECFD4D7404}.Debug|Any CPU.ActiveCfg = Debug|Any CPU
		{CCDA3783-E5B9-4A4E-88A0-9DECFD4D7404}.Debug|Any CPU.Build.0 = Debug|Any CPU
		{CCDA3783-E5B9-4A4E-88A0-9DECFD4D7404}.Debug|Any CPU.Deploy.0 = Debug|Any CPU
		{CCDA3783-E5B9-4A4E-88A0-9DECFD4D7404}.Release|Any CPU.ActiveCfg = Release|Any CPU
		{CCDA3783-E5B9-4A4E-88A0-9DECFD4D7404}.Release|Any CPU.Build.0 = Release|Any CPU
		{CCDA3783-E5B9-4A4E-88A0-9DECFD4D7404}.Release|Any CPU.Deploy.0 = Release|Any CPU
		{AA2D2EB0-1AEA-412C-AD5B-7048D837BF15}.Debug|Any CPU.ActiveCfg = Debug|Any CPU
		{AA2D2EB0-1AEA-412C-AD5B-7048D837BF15}.Debug|Any CPU.Build.0 = Debug|Any CPU
		{AA2D2EB0-1AEA-412C-AD5B-7048D837BF15}.Release|Any CPU.ActiveCfg = Release|Any CPU
		{AA2D2EB0-1AEA-412C-AD5B-7048D837BF15}.Release|Any CPU.Build.0 = Release|Any CPU
	EndGlobalSection
	GlobalSection(SolutionProperties) = preSolution
		HideSolutionNode = FALSE
	EndGlobalSection
	GlobalSection(ExtensibilityGlobals) = postSolution
		SolutionGuid = {61F7FB11-1E47-470C-91E2-47F8143E1572}
	EndGlobalSection
EndGlobal
